<Solution>

  <Folder Name="/src/">
    <Project Path="src/EricksonLopez.DomainPrimitives.Abstractions/EricksonLopez.DomainPrimitives.Abstractions.csproj" />
    <Project Path="src/EricksonLopez.DomainPrimitives/EricksonLopez.DomainPrimitives.csproj" />
    <Project Path="src/EricksonLopez.DomainPrimitives.Analyzers/EricksonLopez.DomainPrimitives.Analyzers.csproj" />
    <Project Path="src/EricksonLopez.DomainPrimitives.AspNetCore.SourceGenerators/EricksonLopez.DomainPrimitives.AspNetCore.SourceGenerators.csproj" />
    <Project Path="src/EricksonLopez.DomainPrimitives.AspNetCore/EricksonLopez.DomainPrimitives.AspNetCore.csproj" />
    <Project Path="src/EricksonLopez.DomainPrimitives.Dapper.SourceGenerators/EricksonLopez.DomainPrimitives.Dapper.SourceGenerators.csproj" />
    <Project Path="src/EricksonLopez.DomainPrimitives.Dapper/EricksonLopez.DomainPrimitives.Dapper.csproj" />
    <Project Path="src/EricksonLopez.DomainPrimitives.EFCore.SourceGenerators/EricksonLopez.DomainPrimitives.EFCore.SourceGenerators.csproj" />
    <Project Path="src/EricksonLopez.DomainPrimitives.EFCore/EricksonLopez.DomainPrimitives.EFCore.csproj" />
    <Project Path="src/EricksonLopez.DomainPrimitives.Generators/EricksonLopez.DomainPrimitives.Generators.csproj" />
    <Project Path="src/EricksonLopez.DomainPrimitives.OpenApi.SourceGenerators/EricksonLopez.DomainPrimitives.OpenApi.SourceGenerators.csproj" />
    <Project Path="src/EricksonLopez.DomainPrimitives.OpenApi/EricksonLopez.DomainPrimitives.OpenApi.csproj" />
    <Project Path="src/EricksonLopez.DomainPrimitives.Testing/EricksonLopez.DomainPrimitives.Testing.csproj" />
    <Project Path="src/EricksonLopez.DomainPrimitives.NewtonsoftJson/EricksonLopez.DomainPrimitives.NewtonsoftJson.csproj" />
  </Folder>
  <Folder Name="/tests/">
    <Project Path="tests/EricksonLopez.DomainPrimitives.Abstractions.UnitTests/EricksonLopez.DomainPrimitives.Abstractions.UnitTests.csproj" />
    <Project Path="tests/EricksonLopez.DomainPrimitives.UnitTests/EricksonLopez.DomainPrimitives.UnitTests.csproj" />
    <Project Path="tests/EricksonLopez.DomainPrimitives.Analyzers.Tests/EricksonLopez.DomainPrimitives.Analyzers.Tests.csproj" />
    <Project Path="tests/EricksonLopez.DomainPrimitives.AspNetCore.SourceGenerators.Tests/EricksonLopez.DomainPrimitives.AspNetCore.SourceGenerators.Tests.csproj" />
    <Project Path="tests/EricksonLopez.DomainPrimitives.AspNetCore.UnitTests/EricksonLopez.DomainPrimitives.AspNetCore.UnitTests.csproj" />
    <Project Path="tests/EricksonLopez.DomainPrimitives.Dapper.IntegrationTests/EricksonLopez.DomainPrimitives.Dapper.IntegrationTests.csproj" />
    <Project Path="tests/EricksonLopez.DomainPrimitives.Dapper.SourceGenerators.Tests/EricksonLopez.DomainPrimitives.Dapper.SourceGenerators.Tests.csproj" />
    <Project Path="tests/EricksonLopez.DomainPrimitives.EFCore.IntegrationTests/EricksonLopez.DomainPrimitives.EFCore.IntegrationTests.csproj" />
    <Project Path="tests/EricksonLopez.DomainPrimitives.EFCore.SourceGenerators.Tests/EricksonLopez.DomainPrimitives.EFCore.SourceGenerators.Tests.csproj" />
    <Project Path="tests/EricksonLopez.DomainPrimitives.EFCore.UnitTests/EricksonLopez.DomainPrimitives.EFCore.UnitTests.csproj" />
    <Project Path="tests/EricksonLopez.DomainPrimitives.OpenApi.SourceGenerators.Tests/EricksonLopez.DomainPrimitives.OpenApi.SourceGenerators.Tests.csproj" />
    <Project Path="tests/EricksonLopez.DomainPrimitives.OpenApi.Tests/EricksonLopez.DomainPrimitives.OpenApi.Tests.csproj" />
    <Project Path="tests/EricksonLopez.DomainPrimitives.SourceGenerators.Tests/EricksonLopez.DomainPrimitives.SourceGenerators.Tests.csproj" />
    <Project Path="tests/EricksonLopez.DomainPrimitives.Testing.UnitTests/EricksonLopez.DomainPrimitives.Testing.UnitTests.csproj" />
    <Project Path="tests/EricksonLopez.DomainPrimitives.NewtonsoftJson.Tests/EricksonLopez.DomainPrimitives.NewtonsoftJson.Tests.csproj" />
  </Folder>
</Solution>
