<Solution>
  <Folder Name="/src/">
    <Project Path="../../src/EricksonLopez.DomainPrimitives.Abstractions/EricksonLopez.DomainPrimitives.Abstractions.csproj" />
    <Project Path="../../src/EricksonLopez.DomainPrimitives/EricksonLopez.DomainPrimitives.csproj" />
    <Project Path="../../src/EricksonLopez.DomainPrimitives.Generators/EricksonLopez.DomainPrimitives.Generators.csproj" />
    <Project Path="../../src/EricksonLopez.DomainPrimitives.Analyzers/EricksonLopez.DomainPrimitives.Analyzers.csproj" />
    <Project Path="../../src/EricksonLopez.DomainPrimitives.AspNetCore/EricksonLopez.DomainPrimitives.AspNetCore.csproj" />
    <Project Path="../../src/EricksonLopez.DomainPrimitives.AspNetCore.SourceGenerators/EricksonLopez.DomainPrimitives.AspNetCore.SourceGenerators.csproj" />
    <Project Path="../../src/EricksonLopez.DomainPrimitives.EFCore/EricksonLopez.DomainPrimitives.EFCore.csproj" />
    <Project Path="../../src/EricksonLopez.DomainPrimitives.EFCore.SourceGenerators/EricksonLopez.DomainPrimitives.EFCore.SourceGenerators.csproj" />
    <Project Path="../../src/EricksonLopez.DomainPrimitives.Dapper/EricksonLopez.DomainPrimitives.Dapper.csproj" />
    <Project Path="../../src/EricksonLopez.DomainPrimitives.Dapper.SourceGenerators/EricksonLopez.DomainPrimitives.Dapper.SourceGenerators.csproj" />
    <Project Path="../../src/EricksonLopez.DomainPrimitives.OpenApi/EricksonLopez.DomainPrimitives.OpenApi.csproj" />
    <Project Path="../../src/EricksonLopez.DomainPrimitives.OpenApi.SourceGenerators/EricksonLopez.DomainPrimitives.OpenApi.SourceGenerators.csproj" />
    <Project Path="../../src/EricksonLopez.DomainPrimitives.NewtonsoftJson/EricksonLopez.DomainPrimitives.NewtonsoftJson.csproj" />
    <Project Path="../../src/EricksonLopez.DomainPrimitives.Testing/EricksonLopez.DomainPrimitives.Testing.csproj" />
  </Folder>

  <Folder Name="/samples/">
    <Project Path="01-GettingStarted/01-GettingStarted.csproj" />
    <Project Path="02-FirstResult/02-FirstResult.csproj" />
    <Project Path="03-Errors/03-Errors.csproj" />
    <Project Path="04-ValueObjects/04-ValueObjects.csproj" />
    <Project Path="05-StronglyTypedIds/05-StronglyTypedIds.csproj" />
    <Project Path="06-EntitiesAndAggregates/06-EntitiesAndAggregates.csproj" />
    <Project Path="07-DomainEvents/07-DomainEvents.csproj" />
    <Project Path="08-SerializationAndMapping/08-SerializationAndMapping.csproj" />
    <Project Path="09-SourceGenerators/09-SourceGenerators.csproj" />
    <Project Path="10-Analyzers/10-Analyzers.csproj" />
    <Project Path="11-SmartEnums/11-SmartEnums.csproj" />
    <Project Path="12-Specifications/12-Specifications.csproj" />
    <Project Path="13-DomainCollections/13-DomainCollections.csproj" />
    <Project Path="14-Performance/14-Performance.csproj" />
    <Project Path="15-AspNetCoreIntegration/15-AspNetCoreIntegration.csproj" />
    <Project Path="16-EFCoreIntegration/16-EFCoreIntegration.csproj" />
    <Project Path="17-MediatRIntegration/17-MediatRIntegration.csproj" />
    <Project Path="18-Observability/18-Observability.csproj" />
    <Project Path="19-UnitTesting/19-UnitTesting.csproj" />
    <Project Path="20-EndToEndApplication/20-EndToEndApplication.csproj" />
    <Project Path="21-BackgroundProcessing/21-BackgroundProcessing.csproj" />
    <Project Path="22-CustomImplementations/22-CustomImplementations.csproj" />
    <Project Path="23-DapperIntegration/23-DapperIntegration.csproj" />
    <Project Path="24-OpenApiIntegration/24-OpenApiIntegration.csproj" />
    <Project Path="OfficialSample.Tests/OfficialSample.Tests.csproj" />
  </Folder>
</Solution>